// !$*UTF8*$!
{
	archiveVersion = 1;
	classes = {
	};
	objectVersion = 50;
	objects = {

/* Begin PBXBuildFile section */
		041937A021EC589300CA5CED /* ServiceHelper.swift in Sources */ = {isa = PBXBuildFile; fileRef = 0419379F21EC589300CA5CED /* ServiceHelper.swift */; };
		047CF43121E46F710004CD73 /* AppDelegate.swift in Sources */ = {isa = PBXBuildFile; fileRef = 047CF43021E46F710004CD73 /* AppDelegate.swift */; };
		047CF43321E46F710004CD73 /* ViewController.swift in Sources */ = {isa = PBXBuildFile; fileRef = 047CF43221E46F710004CD73 /* ViewController.swift */; };
		047CF43521E46F720004CD73 /* Assets.xcassets in Resources */ = {isa = PBXBuildFile; fileRef = 047CF43421E46F720004CD73 /* Assets.xcassets */; };
		047CF43821E46F720004CD73 /* Main.storyboard in Resources */ = {isa = PBXBuildFile; fileRef = 047CF43621E46F720004CD73 /* Main.storyboard */; };
		047CF44121E472270004CD73 /* CustomWindow.swift in Sources */ = {isa = PBXBuildFile; fileRef = 047CF44021E472270004CD73 /* CustomWindow.swift */; };
		047CF44321E4722F0004CD73 /* Shell.swift in Sources */ = {isa = PBXBuildFile; fileRef = 047CF44221E4722F0004CD73 /* Shell.swift */; };
		047CF44521E4731B0004CD73 /* cartool in Resources */ = {isa = PBXBuildFile; fileRef = 047CF44421E4731B0004CD73 /* cartool */; };
		047CF44721E476060004CD73 /* CustomView.swift in Sources */ = {isa = PBXBuildFile; fileRef = 047CF44621E476060004CD73 /* CustomView.swift */; };
		049AD71A21E6F8F700BD1C49 /* NSView+.swift in Sources */ = {isa = PBXBuildFile; fileRef = 049AD71921E6F8F700BD1C49 /* NSView+.swift */; };
/* End PBXBuildFile section */

/* Begin PBXFileReference section */
		0419379F21EC589300CA5CED /* ServiceHelper.swift */ = {isa = PBXFileReference; lastKnownFileType = sourcecode.swift; path = ServiceHelper.swift; sourceTree = "<group>"; };
		047CF42D21E46F710004CD73 /* cartool.app */ = {isa = PBXFileReference; explicitFileType = wrapper.application; includeInIndex = 0; path = cartool.app; sourceTree = BUILT_PRODUCTS_DIR; };
		047CF43021E46F710004CD73 /* AppDelegate.swift */ = {isa = PBXFileReference; lastKnownFileType = sourcecode.swift; path = AppDelegate.swift; sourceTree = "<group>"; };
		047CF43221E46F710004CD73 /* ViewController.swift */ = {isa = PBXFileReference; lastKnownFileType = sourcecode.swift; path = ViewController.swift; sourceTree = "<group>"; };
		047CF43421E46F720004CD73 /* Assets.xcassets */ = {isa = PBXFileReference; lastKnownFileType = folder.assetcatalog; path = Assets.xcassets; sourceTree = "<group>"; };
		047CF43721E46F720004CD73 /* Base */ = {isa = PBXFileReference; lastKnownFileType = file.storyboard; name = Base; path = Base.lproj/Main.storyboard; sourceTree = "<group>"; };
		047CF43921E46F720004CD73 /* Info.plist */ = {isa = PBXFileReference; lastKnownFileType = text.plist.xml; path = Info.plist; sourceTree = "<group>"; };
		047CF44021E472270004CD73 /* CustomWindow.swift */ = {isa = PBXFileReference; fileEncoding = 4; lastKnownFileType = sourcecode.swift; path = CustomWindow.swift; sourceTree = "<group>"; };
		047CF44221E4722F0004CD73 /* Shell.swift */ = {isa = PBXFileReference; fileEncoding = 4; lastKnownFileType = sourcecode.swift; path = Shell.swift; sourceTree = "<group>"; };
		047CF44421E4731B0004CD73 /* cartool */ = {isa = PBXFileReference; lastKnownFileType = "compiled.mach-o.executable"; path = cartool; sourceTree = "<group>"; };
		047CF44621E476060004CD73 /* CustomView.swift */ = {isa = PBXFileReference; lastKnownFileType = sourcecode.swift; path = CustomView.swift; sourceTree = "<group>"; };
		049AD71921E6F8F700BD1C49 /* NSView+.swift */ = {isa = PBXFileReference; lastKnownFileType = sourcecode.swift; path = "NSView+.swift"; sourceTree = "<group>"; };
/* End PBXFileReference section */

/* Begin PBXFrameworksBuildPhase section */
		047CF42A21E46F710004CD73 /* Frameworks */ = {
			isa = PBXFrameworksBuildPhase;
			buildActionMask = 2147483647;
			files = (
			);
			runOnlyForDeploymentPostprocessing = 0;
		};
/* End PBXFrameworksBuildPhase section */

/* Begin PBXGroup section */
		047CF42421E46F700004CD73 = {
			isa = PBXGroup;
			children = (
				047CF42F21E46F710004CD73 /* cartool */,
				047CF42E21E46F710004CD73 /* Products */,
			);
			sourceTree = "<group>";
		};
		047CF42E21E46F710004CD73 /* Products */ = {
			isa = PBXGroup;
			children = (
				047CF42D21E46F710004CD73 /* cartool.app */,
			);
			name = Products;
			sourceTree = "<group>";
		};
		047CF42F21E46F710004CD73 /* cartool */ = {
			isa = PBXGroup;
			children = (
				047CF44421E4731B0004CD73 /* cartool */,
				047CF43021E46F710004CD73 /* AppDelegate.swift */,
				047CF43221E46F710004CD73 /* ViewController.swift */,
				047CF44221E4722F0004CD73 /* Shell.swift */,
				047CF44021E472270004CD73 /* CustomWindow.swift */,
				047CF44621E476060004CD73 /* CustomView.swift */,
				049AD71921E6F8F700BD1C49 /* NSView+.swift */,
				0419379F21EC589300CA5CED /* ServiceHelper.swift */,
				047CF43421E46F720004CD73 /* Assets.xcassets */,
				047CF43621E46F720004CD73 /* Main.storyboard */,
				047CF43921E46F720004CD73 /* Info.plist */,
			);
			path = cartool;
			sourceTree = "<group>";
		};
/* End PBXGroup section */

/* Begin PBXNativeTarget section */
		047CF42C21E46F710004CD73 /* cartool */ = {
			isa = PBXNativeTarget;
			buildConfigurationList = 047CF43D21E46F720004CD73 /* Build configuration list for PBXNativeTarget "cartool" */;
			buildPhases = (
				047CF42921E46F710004CD73 /* Sources */,
				047CF42A21E46F710004CD73 /* Frameworks */,
				047CF42B21E46F710004CD73 /* Resources */,
			);
			buildRules = (
			);
			dependencies = (
			);
			name = cartool;
			productName = cartool;
			productReference = 047CF42D21E46F710004CD73 /* cartool.app */;
			productType = "com.apple.product-type.application";
		};
/* End PBXNativeTarget section */

/* Begin PBXProject section */
		047CF42521E46F700004CD73 /* Project object */ = {
			isa = PBXProject;
			attributes = {
				LastSwiftUpdateCheck = 1010;
				LastUpgradeCheck = 1010;
				ORGANIZATIONNAME = Jason;
				TargetAttributes = {
					047CF42C21E46F710004CD73 = {
						CreatedOnToolsVersion = 10.1;
						SystemCapabilities = {
							com.apple.Sandbox = {
								enabled = 0;
							};
						};
					};
				};
			};
			buildConfigurationList = 047CF42821E46F700004CD73 /* Build configuration list for PBXProject "cartool" */;
			compatibilityVersion = "Xcode 9.3";
			developmentRegion = en;
			hasScannedForEncodings = 0;
			knownRegions = (
				en,
				Base,
			);
			mainGroup = 047CF42421E46F700004CD73;
			productRefGroup = 047CF42E21E46F710004CD73 /* Products */;
			projectDirPath = "";
			projectRoot = "";
			targets = (
				047CF42C21E46F710004CD73 /* cartool */,
			);
		};
/* End PBXProject section */

/* Begin PBXResourcesBuildPhase section */
		047CF42B21E46F710004CD73 /* Resources */ = {
			isa = PBXResourcesBuildPhase;
			buildActionMask = 2147483647;
			files = (
				047CF44521E4731B0004CD73 /* cartool in Resources */,
				047CF43521E46F720004CD73 /* Assets.xcassets in Resources */,
				047CF43821E46F720004CD73 /* Main.storyboard in Resources */,
			);
			runOnlyForDeploymentPostprocessing = 0;
		};
/* End PBXResourcesBuildPhase section */

/* Begin PBXSourcesBuildPhase section */
		047CF42921E46F710004CD73 /* Sources */ = {
			isa = PBXSourcesBuildPhase;
			buildActionMask = 2147483647;
			files = (
				047CF44721E476060004CD73 /* CustomView.swift in Sources */,
				041937A021EC589300CA5CED /* ServiceHelper.swift in Sources */,
				047CF43321E46F710004CD73 /* ViewController.swift in Sources */,
				047CF43121E46F710004CD73 /* AppDelegate.swift in Sources */,
				049AD71A21E6F8F700BD1C49 /* NSView+.swift in Sources */,
				047CF44321E4722F0004CD73 /* Shell.swift in Sources */,
				047CF44121E472270004CD73 /* CustomWindow.swift in Sources */,
			);
			runOnlyForDeploymentPostprocessing = 0;
		};
/* End PBXSourcesBuildPhase section */

/* Begin PBXVariantGroup section */
		047CF43621E46F720004CD73 /* Main.storyboard */ = {
			isa = PBXVariantGroup;
			children = (
				047CF43721E46F720004CD73 /* Base */,
			);
			name = Main.storyboard;
			sourceTree = "<group>";
		};
/* End PBXVariantGroup section */

/* Begin XCBuildConfiguration section */
		047CF43B21E46F720004CD73 /* Debug */ = {
			isa = XCBuildConfiguration;
			buildSettings = {
				ALWAYS_SEARCH_USER_PATHS = NO;
				CLANG_ANALYZER_NONNULL = YES;
				CLANG_ANALYZER_NUMBER_OBJECT_CONVERSION = YES_AGGRESSIVE;
				CLANG_CXX_LANGUAGE_STANDARD = "gnu++14";
				CLANG_CXX_LIBRARY = "libc++";
				CLANG_ENABLE_MODULES = YES;
				CLANG_ENABLE_OBJC_ARC = YES;
				CLANG_ENABLE_OBJC_WEAK = YES;
				CLANG_WARN_BLOCK_CAPTURE_AUTORELEASING = YES;
				CLANG_WARN_BOOL_CONVERSION = YES;
				CLANG_WARN_COMMA = YES;
				CLANG_WARN_CONSTANT_CONVERSION = YES;
				CLANG_WARN_DEPRECATED_OBJC_IMPLEMENTATIONS = YES;
				CLANG_WARN_DIRECT_OBJC_ISA_USAGE = YES_ERROR;
				CLANG_WARN_DOCUMENTATION_COMMENTS = YES;
				CLANG_WARN_EMPTY_BODY = YES;
				CLANG_WARN_ENUM_CONVERSION = YES;
				CLANG_WARN_INFINITE_RECURSION = YES;
				CLANG_WARN_INT_CONVERSION = YES;
				CLANG_WARN_NON_LITERAL_NULL_CONVERSION = YES;
				CLANG_WARN_OBJC_IMPLICIT_RETAIN_SELF = YES;
				CLANG_WARN_OBJC_LITERAL_CONVERSION = YES;
				CLANG_WARN_OBJC_ROOT_CLASS = YES_ERROR;
				CLANG_WARN_RANGE_LOOP_ANALYSIS = YES;
				CLANG_WARN_STRICT_PROTOTYPES = YES;
				CLANG_WARN_SUSPICIOUS_MOVE = YES;
				CLANG_WARN_UNGUARDED_AVAILABILITY = YES_AGGRESSIVE;
				CLANG_WARN_UNREACHABLE_CODE = YES;
				CLANG_WARN__DUPLICATE_METHOD_MATCH = YES;
				CODE_SIGN_IDENTITY = "-";
				COPY_PHASE_STRIP = NO;
				DEBUG_INFORMATION_FORMAT = dwarf;
				ENABLE_STRICT_OBJC_MSGSEND = YES;
				ENABLE_TESTABILITY = YES;
				GCC_C_LANGUAGE_STANDARD = gnu11;
				GCC_DYNAMIC_NO_PIC = NO;
				GCC_NO_COMMON_BLOCKS = YES;
				GCC_OPTIMIZATION_LEVEL = 0;
				GCC_PREPROCESSOR_DEFINITIONS = (
					"DEBUG=1",
					"$(inherited)",
				);
				GCC_WARN_64_TO_32_BIT_CONVERSION = YES;
				GCC_WARN_ABOUT_RETURN_TYPE = YES_ERROR;
				GCC_WARN_UNDECLARED_SELECTOR = YES;
				GCC_WARN_UNINITIALIZED_AUTOS = YES_AGGRESSIVE;
				GCC_WARN_UNUSED_FUNCTION = YES;
				GCC_WARN_UNUSED_VARIABLE = YES;
				MACOSX_DEPLOYMENT_TARGET = 10.13;
				MTL_ENABLE_DEBUG_INFO = INCLUDE_SOURCE;
				MTL_FAST_MATH = YES;
				ONLY_ACTIVE_ARCH = YES;
				SDKROOT = macosx;
				SWIFT_ACTIVE_COMPILATION_CONDITIONS = DEBUG;
				SWIFT_OPTIMIZATION_LEVEL = "-Onone";
			};
			name = Debug;
		};
		047CF43C21E46F720004CD73 /* Release */ = {
			isa = XCBuildConfiguration;
			buildSettings = {
				ALWAYS_SEARCH_USER_PATHS = NO;
				CLANG_ANALYZER_NONNULL = YES;
				CLANG_ANALYZER_NUMBER_OBJECT_CONVERSION = YES_AGGRESSIVE;
				CLANG_CXX_LANGUAGE_STANDARD = "gnu++14";
				CLANG_CXX_LIBRARY = "libc++";
				CLANG_ENABLE_MODULES = YES;
				CLANG_ENABLE_OBJC_ARC = YES;
				CLANG_ENABLE_OBJC_WEAK = YES;
				CLANG_WARN_BLOCK_CAPTURE_AUTORELEASING = YES;
				CLANG_WARN_BOOL_CONVERSION = YES;
				CLANG_WARN_COMMA = YES;
				CLANG_WARN_CONSTANT_CONVERSION = YES;
				CLANG_WARN_DEPRECATED_OBJC_IMPLEMENTATIONS = YES;
				CLANG_WARN_DIRECT_OBJC_ISA_USAGE = YES_ERROR;
				CLANG_WARN_DOCUMENTATION_COMMENTS = YES;
				CLANG_WARN_EMPTY_BODY = YES;
				CLANG_WARN_ENUM_CONVERSION = YES;
				CLANG_WARN_INFINITE_RECURSION = YES;
				CLANG_WARN_INT_CONVERSION = YES;
				CLANG_WARN_NON_LITERAL_NULL_CONVERSION = YES;
				CLANG_WARN_OBJC_IMPLICIT_RETAIN_SELF = YES;
				CLANG_WARN_OBJC_LITERAL_CONVERSION = YES;
				CLANG_WARN_OBJC_ROOT_CLASS = YES_ERROR;
				CLANG_WARN_RANGE_LOOP_ANALYSIS = YES;
				CLANG_WARN_STRICT_PROTOTYPES = YES;
				CLANG_WARN_SUSPICIOUS_MOVE = YES;
				CLANG_WARN_UNGUARDED_AVAILABILITY = YES_AGGRESSIVE;
				CLANG_WARN_UNREACHABLE_CODE = YES;
				CLANG_WARN__DUPLICATE_METHOD_MATCH = YES;
				CODE_SIGN_IDENTITY = "-";
				COPY_PHASE_STRIP = NO;
				DEBUG_INFORMATION_FORMAT = "dwarf-with-dsym";
				ENABLE_NS_ASSERTIONS = NO;
				ENABLE_STRICT_OBJC_MSGSEND = YES;
				GCC_C_LANGUAGE_STANDARD = gnu11;
				GCC_NO_COMMON_BLOCKS = YES;
				GCC_WARN_64_TO_32_BIT_CONVERSION = YES;
				GCC_WARN_ABOUT_RETURN_TYPE = YES_ERROR;
				GCC_WARN_UNDECLARED_SELECTOR = YES;
				GCC_WARN_UNINITIALIZED_AUTOS = YES_AGGRESSIVE;
				GCC_WARN_UNUSED_FUNCTION = YES;
				GCC_WARN_UNUSED_VARIABLE = YES;
				MACOSX_DEPLOYMENT_TARGET = 10.13;
				MTL_ENABLE_DEBUG_INFO = NO;
				MTL_FAST_MATH = YES;
				SDKROOT = macosx;
				SWIFT_COMPILATION_MODE = wholemodule;
				SWIFT_OPTIMIZATION_LEVEL = "-O";
			};
			name = Release;
		};
		047CF43E21E46F720004CD73 /* Debug */ = {
			isa = XCBuildConfiguration;
			buildSettings = {
				ASSETCATALOG_COMPILER_APPICON_NAME = AppIcon;
				CODE_SIGN_STYLE = Automatic;
				COMBINE_HIDPI_IMAGES = YES;
				INFOPLIST_FILE = cartool/Info.plist;
				LD_RUNPATH_SEARCH_PATHS = (
					"$(inherited)",
					"@executable_path/../Frameworks",
				);
				MACOSX_DEPLOYMENT_TARGET = 10.13;
				PRODUCT_BUNDLE_IDENTIFIER = com.cartool;
				PRODUCT_NAME = "$(TARGET_NAME)";
				SWIFT_VERSION = 4.2;
			};
			name = Debug;
		};
		047CF43F21E46F720004CD73 /* Release */ = {
			isa = XCBuildConfiguration;
			buildSettings = {
				ASSETCATALOG_COMPILER_APPICON_NAME = AppIcon;
				CODE_SIGN_STYLE = Automatic;
				COMBINE_HIDPI_IMAGES = YES;
				INFOPLIST_FILE = cartool/Info.plist;
				LD_RUNPATH_SEARCH_PATHS = (
					"$(inherited)",
					"@executable_path/../Frameworks",
				);
				MACOSX_DEPLOYMENT_TARGET = 10.13;
				PRODUCT_BUNDLE_IDENTIFIER = com.cartool;
				PRODUCT_NAME = "$(TARGET_NAME)";
				SWIFT_VERSION = 4.2;
			};
			name = Release;
		};
/* End XCBuildConfiguration section */

/* Begin XCConfigurationList section */
		047CF42821E46F700004CD73 /* Build configuration list for PBXProject "cartool" */ = {
			isa = XCConfigurationList;
			buildConfigurations = (
				047CF43B21E46F720004CD73 /* Debug */,
				047CF43C21E46F720004CD73 /* Release */,
			);
			defaultConfigurationIsVisible = 0;
			defaultConfigurationName = Release;
		};
		047CF43D21E46F720004CD73 /* Build configuration list for PBXNativeTarget "cartool" */ = {
			isa = XCConfigurationList;
			buildConfigurations = (
				047CF43E21E46F720004CD73 /* Debug */,
				047CF43F21E46F720004CD73 /* Release */,
			);
			defaultConfigurationIsVisible = 0;
			defaultConfigurationName = Release;
		};
/* End XCConfigurationList section */
	};
	rootObject = 047CF42521E46F700004CD73 /* Project object */;
}
